
Microsoft Visual Studio Solution File, Format Version 12.00
# Visual Studio Version 17
VisualStudioVersion = 17.3.32819.101
MinimumVisualStudioVersion = 10.0.40219.1
Project("{FAE04EC0-301F-11D3-BF4B-00C04F79EFBC}") = "Laebrary", "Laebrary\Laebrary.csproj", "{9500B50E-5E81-40D2-8396-A5359608829F}"
EndProject
Project("{FAE04EC0-301F-11D3-BF4B-00C04F79EFBC}") = "LaebraryTests", "LaebraryTests\LaebraryTests.csproj", "{243E4615-0838-4579-991D-23502F5EE06A}"
EndProject
Global
	GlobalSection(SolutionConfigurationPlatforms) = preSolution
		Debug|Any CPU = Debug|Any CPU
		Release|Any CPU = Release|Any CPU
	EndGlobalSection
	GlobalSection(ProjectConfigurationPlatforms) = postSolution
		{9500B50E-5E81-40D2-8396-A5359608829F}.Debug|Any CPU.ActiveCfg = Debug|Any CPU
		{9500B50E-5E81-40D2-8396-A5359608829F}.Debug|Any CPU.Build.0 = Debug|Any CPU
		{9500B50E-5E81-40D2-8396-A5359608829F}.Release|Any CPU.ActiveCfg = Release|Any CPU
		{9500B50E-5E81-40D2-8396-A5359608829F}.Release|Any CPU.Build.0 = Release|Any CPU
		{243E4615-0838-4579-991D-23502F5EE06A}.Debug|Any CPU.ActiveCfg = Debug|Any CPU
		{243E4615-0838-4579-991D-23502F5EE06A}.Debug|Any CPU.Build.0 = Debug|Any CPU
		{243E4615-0838-4579-991D-23502F5EE06A}.Release|Any CPU.ActiveCfg = Release|Any CPU
		{243E4615-0838-4579-991D-23502F5EE06A}.Release|Any CPU.Build.0 = Release|Any CPU
	EndGlobalSection
	GlobalSection(SolutionProperties) = preSolution
		HideSolutionNode = FALSE
	EndGlobalSection
	GlobalSection(ExtensibilityGlobals) = postSolution
		SolutionGuid = {F42B5782-E5A3-4085-B8D1-B50953AC756C}
	EndGlobalSection
EndGlobal
